github.com/jxskiss/base62 v1.1.0 h1:A5zbF8v8WXx2xixnAKD2w+abC+sIzYJX+nxmhA6HWFw=
github.com/jxskiss/base62 v1.1.0/go.mod h1:HhWAlUXvxKThfOlZbcuFzsqwtF5TcqS9ru3y5GfjWAc=
golang.org/x/exp v0.0.0-20221230185412-738e83a70c30 h1:m9O6OTJ627iFnN2JIWfdqlZCzneRO6EEBsHXI25P8ws=
golang.org/x/exp v0.0.0-20221230185412-738e83a70c30/go.mod h1:CxIveKay+FTh1D0yPZemJVgC/95VzuuOLq5Qi4xnoYc=
